
Microsoft Visual Studio Solution File, Format Version 12.00
# Visual Studio Version 17
VisualStudioVersion = 17.14.36518.9 d17.14
MinimumVisualStudioVersion = 10.0.40219.1
Project("{FAE04EC0-301F-11D3-BF4B-00C04F79EFBC}") = "ASP .NET MVC lab", "ASP .NET MVC lab\ASP .NET MVC lab.csproj", "{02608BB9-08ED-4A63-9995-8FCBD17C10F9}"
EndProject
Global
	GlobalSection(SolutionConfigurationPlatforms) = preSolution
		Debug|Any CPU = Debug|Any CPU
		Release|Any CPU = Release|Any CPU
	EndGlobalSection
	GlobalSection(ProjectConfigurationPlatforms) = postSolution
		{02608BB9-08ED-4A63-9995-8FCBD17C10F9}.Debug|Any CPU.ActiveCfg = Debug|Any CPU
		{02608BB9-08ED-4A63-9995-8FCBD17C10F9}.Debug|Any CPU.Build.0 = Debug|Any CPU
		{02608BB9-08ED-4A63-9995-8FCBD17C10F9}.Release|Any CPU.ActiveCfg = Release|Any CPU
		{02608BB9-08ED-4A63-9995-8FCBD17C10F9}.Release|Any CPU.Build.0 = Release|Any CPU
	EndGlobalSection
	GlobalSection(SolutionProperties) = preSolution
		HideSolutionNode = FALSE
	EndGlobalSection
	GlobalSection(ExtensibilityGlobals) = postSolution
		SolutionGuid = {7321BEB2-ECE5-4316-8F08-9721862F66A1}
	EndGlobalSection
EndGlobal
